
Microsoft Visual Studio Solution File, Format Version 12.00
# Visual Studio Version 16
VisualStudioVersion = 16.0.29519.87
MinimumVisualStudioVersion = 10.0.40219.1
Project("{9A19103F-16F7-4668-BE54-9A1E7A4F7556}") = "softplan.dev.api_juros", "softplan.dev.api_juros\softplan.dev.api_juros.csproj", "{914871DA-93F8-47EE-A493-F300CD3C6EAD}"
EndProject
Project("{9A19103F-16F7-4668-BE54-9A1E7A4F7556}") = "softplan.dev.api_juros.tests", "softplan.dev.api_juros.tests\softplan.dev.api_juros.tests.csproj", "{B579B066-75F6-4D73-A951-D6E43B1561A4}"
EndProject
Project("{9A19103F-16F7-4668-BE54-9A1E7A4F7556}") = "softplan.dev.api_gestao_juros", "softplan.dev.api_gestao_juros\softplan.dev.api_gestao_juros.csproj", "{9FECEFC3-223C-4EBD-BD1E-B5C51D77CEB2}"
EndProject
Project("{9A19103F-16F7-4668-BE54-9A1E7A4F7556}") = "softplan.dev.api_gestao_juros.tests", "softplan.dev.api_gestao_juros.tests\softplan.dev.api_gestao_juros.tests.csproj", "{EB65F80D-C100-458D-B268-A854B315C36A}"
EndProject
Project("{E53339B2-1760-4266-BCC7-CA923CBCF16C}") = "docker-compose", "docker-compose.dcproj", "{9BAE887A-43AD-4753-9F6F-298936698475}"
EndProject
Global
	GlobalSection(SolutionConfigurationPlatforms) = preSolution
		Debug|Any CPU = Debug|Any CPU
		Release|Any CPU = Release|Any CPU
	EndGlobalSection
	GlobalSection(ProjectConfigurationPlatforms) = postSolution
		{914871DA-93F8-47EE-A493-F300CD3C6EAD}.Debug|Any CPU.ActiveCfg = Debug|Any CPU
		{914871DA-93F8-47EE-A493-F300CD3C6EAD}.Debug|Any CPU.Build.0 = Debug|Any CPU
		{914871DA-93F8-47EE-A493-F300CD3C6EAD}.Release|Any CPU.ActiveCfg = Release|Any CPU
		{914871DA-93F8-47EE-A493-F300CD3C6EAD}.Release|Any CPU.Build.0 = Release|Any CPU
		{B579B066-75F6-4D73-A951-D6E43B1561A4}.Debug|Any CPU.ActiveCfg = Debug|Any CPU
		{B579B066-75F6-4D73-A951-D6E43B1561A4}.Debug|Any CPU.Build.0 = Debug|Any CPU
		{B579B066-75F6-4D73-A951-D6E43B1561A4}.Release|Any CPU.ActiveCfg = Release|Any CPU
		{B579B066-75F6-4D73-A951-D6E43B1561A4}.Release|Any CPU.Build.0 = Release|Any CPU
		{9FECEFC3-223C-4EBD-BD1E-B5C51D77CEB2}.Debug|Any CPU.ActiveCfg = Debug|Any CPU
		{9FECEFC3-223C-4EBD-BD1E-B5C51D77CEB2}.Debug|Any CPU.Build.0 = Debug|Any CPU
		{9FECEFC3-223C-4EBD-BD1E-B5C51D77CEB2}.Release|Any CPU.ActiveCfg = Release|Any CPU
		{9FECEFC3-223C-4EBD-BD1E-B5C51D77CEB2}.Release|Any CPU.Build.0 = Release|Any CPU
		{EB65F80D-C100-458D-B268-A854B315C36A}.Debug|Any CPU.ActiveCfg = Debug|Any CPU
		{EB65F80D-C100-458D-B268-A854B315C36A}.Debug|Any CPU.Build.0 = Debug|Any CPU
		{EB65F80D-C100-458D-B268-A854B315C36A}.Release|Any CPU.ActiveCfg = Release|Any CPU
		{EB65F80D-C100-458D-B268-A854B315C36A}.Release|Any CPU.Build.0 = Release|Any CPU
		{9BAE887A-43AD-4753-9F6F-298936698475}.Debug|Any CPU.ActiveCfg = Debug|Any CPU
		{9BAE887A-43AD-4753-9F6F-298936698475}.Debug|Any CPU.Build.0 = Debug|Any CPU
		{9BAE887A-43AD-4753-9F6F-298936698475}.Release|Any CPU.ActiveCfg = Release|Any CPU
		{9BAE887A-43AD-4753-9F6F-298936698475}.Release|Any CPU.Build.0 = Release|Any CPU
	EndGlobalSection
	GlobalSection(SolutionProperties) = preSolution
		HideSolutionNode = FALSE
	EndGlobalSection
	GlobalSection(ExtensibilityGlobals) = postSolution
		SolutionGuid = {8C35A68D-C854-4959-BBBB-670F105A0BDF}
	EndGlobalSection
EndGlobal
